// !$*UTF8*$!
{
	archiveVersion = 1;
	classes = {
	};
	objectVersion = 50;
	objects = {

/* Begin PBXBuildFile section */
		A191BD1B23888E6C0097DCEC /* AppDelegate.swift in Sources */ = {isa = PBXBuildFile; fileRef = A191BD1A23888E6C0097DCEC /* AppDelegate.swift */; };
		A191BD1D23888E6C0097DCEC /* ViewController.swift in Sources */ = {isa = PBXBuildFile; fileRef = A191BD1C23888E6C0097DCEC /* ViewController.swift */; };
		A191BD2023888E6C0097DCEC /* Main.storyboard in Resources */ = {isa = PBXBuildFile; fileRef = A191BD1E23888E6C0097DCEC /* Main.storyboard */; };
		A191BD2223888E700097DCEC /* Assets.xcassets in Resources */ = {isa = PBXBuildFile; fileRef = A191BD2123888E700097DCEC /* Assets.xcassets */; };
		A191BD2523888E700097DCEC /* LaunchScreen.storyboard in Resources */ = {isa = PBXBuildFile; fileRef = A191BD2323888E700097DCEC /* LaunchScreen.storyboard */; };
		B9A30CDB239DCE670016165B /* StickmanView.swift in Sources */ = {isa = PBXBuildFile; fileRef = B9A30CDA239DCE670016165B /* StickmanView.swift */; };
/* End PBXBuildFile section */

/* Begin PBXContainerItemProxy section */
		A191BD2C23888E710097DCEC /* PBXContainerItemProxy */ = {
			isa = PBXContainerItemProxy;
			containerPortal = A191BD0F23888E6B0097DCEC /* Project object */;
			proxyType = 1;
			remoteGlobalIDString = A191BD1623888E6B0097DCEC;
			remoteInfo = stickman;
		};
/* End PBXContainerItemProxy section */

/* Begin PBXFileReference section */
		A191BD1723888E6B0097DCEC /* stickman.app */ = {isa = PBXFileReference; explicitFileType = wrapper.application; includeInIndex = 0; path = stickman.app; sourceTree = BUILT_PRODUCTS_DIR; };
		A191BD1A23888E6C0097DCEC /* AppDelegate.swift */ = {isa = PBXFileReference; lastKnownFileType = sourcecode.swift; path = AppDelegate.swift; sourceTree = "<group>"; };
		A191BD1C23888E6C0097DCEC /* ViewController.swift */ = {isa = PBXFileReference; lastKnownFileType = sourcecode.swift; path = ViewController.swift; sourceTree = "<group>"; };
		A191BD1F23888E6C0097DCEC /* Base */ = {isa = PBXFileReference; lastKnownFileType = file.storyboard; name = Base; path = Base.lproj/Main.storyboard; sourceTree = "<group>"; };
		A191BD2123888E700097DCEC /* Assets.xcassets */ = {isa = PBXFileReference; lastKnownFileType = folder.assetcatalog; path = Assets.xcassets; sourceTree = "<group>"; };
		A191BD2423888E700097DCEC /* Base */ = {isa = PBXFileReference; lastKnownFileType = file.storyboard; name = Base; path = Base.lproj/LaunchScreen.storyboard; sourceTree = "<group>"; };
		A191BD2623888E700097DCEC /* Info.plist */ = {isa = PBXFileReference; lastKnownFileType = text.plist.xml; path = Info.plist; sourceTree = "<group>"; };
		A191BD2B23888E710097DCEC /* stickmanTests.xctest */ = {isa = PBXFileReference; explicitFileType = wrapper.cfbundle; includeInIndex = 0; path = stickmanTests.xctest; sourceTree = BUILT_PRODUCTS_DIR; };
		A191BD3123888E710097DCEC /* Info.plist */ = {isa = PBXFileReference; lastKnownFileType = text.plist.xml; path = Info.plist; sourceTree = "<group>"; };
		B9A30CDA239DCE670016165B /* StickmanView.swift */ = {isa = PBXFileReference; lastKnownFileType = sourcecode.swift; path = StickmanView.swift; sourceTree = "<group>"; };
/* End PBXFileReference section */

/* Begin PBXFrameworksBuildPhase section */
		A191BD1423888E6B0097DCEC /* Frameworks */ = {
			isa = PBXFrameworksBuildPhase;
			buildActionMask = 2147483647;
			files = (
			);
			runOnlyForDeploymentPostprocessing = 0;
		};
		A191BD2823888E710097DCEC /* Frameworks */ = {
			isa = PBXFrameworksBuildPhase;
			buildActionMask = 2147483647;
			files = (
			);
			runOnlyForDeploymentPostprocessing = 0;
		};
/* End PBXFrameworksBuildPhase section */

/* Begin PBXGroup section */
		A191BD0E23888E6B0097DCEC = {
			isa = PBXGroup;
			children = (
				A191BD1923888E6B0097DCEC /* stickman */,
				A191BD2E23888E710097DCEC /* stickmanTests */,
				A191BD1823888E6B0097DCEC /* Products */,
			);
			sourceTree = "<group>";
		};
		A191BD1823888E6B0097DCEC /* Products */ = {
			isa = PBXGroup;
			children = (
				A191BD1723888E6B0097DCEC /* stickman.app */,
				A191BD2B23888E710097DCEC /* stickmanTests.xctest */,
			);
			name = Products;
			sourceTree = "<group>";
		};
		A191BD1923888E6B0097DCEC /* stickman */ = {
			isa = PBXGroup;
			children = (
				A191BD1A23888E6C0097DCEC /* AppDelegate.swift */,
				A191BD1C23888E6C0097DCEC /* ViewController.swift */,
				A191BD1E23888E6C0097DCEC /* Main.storyboard */,
				A191BD2123888E700097DCEC /* Assets.xcassets */,
				A191BD2323888E700097DCEC /* LaunchScreen.storyboard */,
				A191BD2623888E700097DCEC /* Info.plist */,
				B9A30CDA239DCE670016165B /* StickmanView.swift */,
			);
			path = stickman;
			sourceTree = "<group>";
		};
		A191BD2E23888E710097DCEC /* stickmanTests */ = {
			isa = PBXGroup;
			children = (
				A191BD3123888E710097DCEC /* Info.plist */,
			);
			path = stickmanTests;
			sourceTree = "<group>";
		};
/* End PBXGroup section */

/* Begin PBXNativeTarget section */
		A191BD1623888E6B0097DCEC /* stickman */ = {
			isa = PBXNativeTarget;
			buildConfigurationList = A191BD3423888E710097DCEC /* Build configuration list for PBXNativeTarget "stickman" */;
			buildPhases = (
				A191BD1323888E6B0097DCEC /* Sources */,
				A191BD1423888E6B0097DCEC /* Frameworks */,
				A191BD1523888E6B0097DCEC /* Resources */,
			);
			buildRules = (
			);
			dependencies = (
			);
			name = stickman;
			productName = stickman;
			productReference = A191BD1723888E6B0097DCEC /* stickman.app */;
			productType = "com.apple.product-type.application";
		};
		A191BD2A23888E710097DCEC /* stickmanTests */ = {
			isa = PBXNativeTarget;
			buildConfigurationList = A191BD3723888E710097DCEC /* Build configuration list for PBXNativeTarget "stickmanTests" */;
			buildPhases = (
				A191BD2723888E710097DCEC /* Sources */,
				A191BD2823888E710097DCEC /* Frameworks */,
				A191BD2923888E710097DCEC /* Resources */,
			);
			buildRules = (
			);
			dependencies = (
				A191BD2D23888E710097DCEC /* PBXTargetDependency */,
			);
			name = stickmanTests;
			productName = stickmanTests;
			productReference = A191BD2B23888E710097DCEC /* stickmanTests.xctest */;
			productType = "com.apple.product-type.bundle.unit-test";
		};
/* End PBXNativeTarget section */

/* Begin PBXProject section */
		A191BD0F23888E6B0097DCEC /* Project object */ = {
			isa = PBXProject;
			attributes = {
				LastSwiftUpdateCheck = 1020;
				LastUpgradeCheck = 1020;
				ORGANIZATIONNAME = "Andy Yan";
				TargetAttributes = {
					A191BD1623888E6B0097DCEC = {
						CreatedOnToolsVersion = 10.2.1;
					};
					A191BD2A23888E710097DCEC = {
						CreatedOnToolsVersion = 10.2.1;
						TestTargetID = A191BD1623888E6B0097DCEC;
					};
				};
			};
			buildConfigurationList = A191BD1223888E6B0097DCEC /* Build configuration list for PBXProject "stickman" */;
			compatibilityVersion = "Xcode 9.3";
			developmentRegion = en;
			hasScannedForEncodings = 0;
			knownRegions = (
				en,
				Base,
			);
			mainGroup = A191BD0E23888E6B0097DCEC;
			productRefGroup = A191BD1823888E6B0097DCEC /* Products */;
			projectDirPath = "";
			projectRoot = "";
			targets = (
				A191BD1623888E6B0097DCEC /* stickman */,
				A191BD2A23888E710097DCEC /* stickmanTests */,
			);
		};
/* End PBXProject section */

/* Begin PBXResourcesBuildPhase section */
		A191BD1523888E6B0097DCEC /* Resources */ = {
			isa = PBXResourcesBuildPhase;
			buildActionMask = 2147483647;
			files = (
				A191BD2523888E700097DCEC /* LaunchScreen.storyboard in Resources */,
				A191BD2223888E700097DCEC /* Assets.xcassets in Resources */,
				A191BD2023888E6C0097DCEC /* Main.storyboard in Resources */,
			);
			runOnlyForDeploymentPostprocessing = 0;
		};
		A191BD2923888E710097DCEC /* Resources */ = {
			isa = PBXResourcesBuildPhase;
			buildActionMask = 2147483647;
			files = (
			);
			runOnlyForDeploymentPostprocessing = 0;
		};
/* End PBXResourcesBuildPhase section */

/* Begin PBXSourcesBuildPhase section */
		A191BD1323888E6B0097DCEC /* Sources */ = {
			isa = PBXSourcesBuildPhase;
			buildActionMask = 2147483647;
			files = (
				B9A30CDB239DCE670016165B /* StickmanView.swift in Sources */,
				A191BD1D23888E6C0097DCEC /* ViewController.swift in Sources */,
				A191BD1B23888E6C0097DCEC /* AppDelegate.swift in Sources */,
			);
			runOnlyForDeploymentPostprocessing = 0;
		};
		A191BD2723888E710097DCEC /* Sources */ = {
			isa = PBXSourcesBuildPhase;
			buildActionMask = 2147483647;
			files = (
			);
			runOnlyForDeploymentPostprocessing = 0;
		};
/* End PBXSourcesBuildPhase section */

/* Begin PBXTargetDependency section */
		A191BD2D23888E710097DCEC /* PBXTargetDependency */ = {
			isa = PBXTargetDependency;
			target = A191BD1623888E6B0097DCEC /* stickman */;
			targetProxy = A191BD2C23888E710097DCEC /* PBXContainerItemProxy */;
		};
/* End PBXTargetDependency section */

/* Begin PBXVariantGroup section */
		A191BD1E23888E6C0097DCEC /* Main.storyboard */ = {
			isa = PBXVariantGroup;
			children = (
				A191BD1F23888E6C0097DCEC /* Base */,
			);
			name = Main.storyboard;
			sourceTree = "<group>";
		};
		A191BD2323888E700097DCEC /* LaunchScreen.storyboard */ = {
			isa = PBXVariantGroup;
			children = (
				A191BD2423888E700097DCEC /* Base */,
			);
			name = LaunchScreen.storyboard;
			sourceTree = "<group>";
		};
/* End PBXVariantGroup section */

/* Begin XCBuildConfiguration section */
		A191BD3223888E710097DCEC /* Debug */ = {
			isa = XCBuildConfiguration;
			buildSettings = {
				ALWAYS_SEARCH_USER_PATHS = NO;
				CLANG_ANALYZER_NONNULL = YES;
				CLANG_ANALYZER_NUMBER_OBJECT_CONVERSION = YES_AGGRESSIVE;
				CLANG_CXX_LANGUAGE_STANDARD = "gnu++14";
				CLANG_CXX_LIBRARY = "libc++";
				CLANG_ENABLE_MODULES = YES;
				CLANG_ENABLE_OBJC_ARC = YES;
				CLANG_ENABLE_OBJC_WEAK = YES;
				CLANG_WARN_BLOCK_CAPTURE_AUTORELEASING = YES;
				CLANG_WARN_BOOL_CONVERSION = YES;
				CLANG_WARN_COMMA = YES;
				CLANG_WARN_CONSTANT_CONVERSION = YES;
				CLANG_WARN_DEPRECATED_OBJC_IMPLEMENTATIONS = YES;
				CLANG_WARN_DIRECT_OBJC_ISA_USAGE = YES_ERROR;
				CLANG_WARN_DOCUMENTATION_COMMENTS = YES;
				CLANG_WARN_EMPTY_BODY = YES;
				CLANG_WARN_ENUM_CONVERSION = YES;
				CLANG_WARN_INFINITE_RECURSION = YES;
				CLANG_WARN_INT_CONVERSION = YES;
				CLANG_WARN_NON_LITERAL_NULL_CONVERSION = YES;
				CLANG_WARN_OBJC_IMPLICIT_RETAIN_SELF = YES;
				CLANG_WARN_OBJC_LITERAL_CONVERSION = YES;
				CLANG_WARN_OBJC_ROOT_CLASS = YES_ERROR;
				CLANG_WARN_RANGE_LOOP_ANALYSIS = YES;
				CLANG_WARN_STRICT_PROTOTYPES = YES;
				CLANG_WARN_SUSPICIOUS_MOVE = YES;
				CLANG_WARN_UNGUARDED_AVAILABILITY = YES_AGGRESSIVE;
				CLANG_WARN_UNREACHABLE_CODE = YES;
				CLANG_WARN__DUPLICATE_METHOD_MATCH = YES;
				CODE_SIGN_IDENTITY = "iPhone Developer";
				COPY_PHASE_STRIP = NO;
				DEBUG_INFORMATION_FORMAT = dwarf;
				ENABLE_STRICT_OBJC_MSGSEND = YES;
				ENABLE_TESTABILITY = YES;
				GCC_C_LANGUAGE_STANDARD = gnu11;
				GCC_DYNAMIC_NO_PIC = NO;
				GCC_NO_COMMON_BLOCKS = YES;
				GCC_OPTIMIZATION_LEVEL = 0;
				GCC_PREPROCESSOR_DEFINITIONS = (
					"DEBUG=1",
					"$(inherited)",
				);
				GCC_WARN_64_TO_32_BIT_CONVERSION = YES;
				GCC_WARN_ABOUT_RETURN_TYPE = YES_ERROR;
				GCC_WARN_UNDECLARED_SELECTOR = YES;
				GCC_WARN_UNINITIALIZED_AUTOS = YES_AGGRESSIVE;
				GCC_WARN_UNUSED_FUNCTION = YES;
				GCC_WARN_UNUSED_VARIABLE = YES;
				IPHONEOS_DEPLOYMENT_TARGET = 12.2;
				MTL_ENABLE_DEBUG_INFO = INCLUDE_SOURCE;
				MTL_FAST_MATH = YES;
				ONLY_ACTIVE_ARCH = YES;
				SDKROOT = iphoneos;
				SWIFT_ACTIVE_COMPILATION_CONDITIONS = DEBUG;
				SWIFT_OPTIMIZATION_LEVEL = "-Onone";
			};
			name = Debug;
		};
		A191BD3323888E710097DCEC /* Release */ = {
			isa = XCBuildConfiguration;
			buildSettings = {
				ALWAYS_SEARCH_USER_PATHS = NO;
				CLANG_ANALYZER_NONNULL = YES;
				CLANG_ANALYZER_NUMBER_OBJECT_CONVERSION = YES_AGGRESSIVE;
				CLANG_CXX_LANGUAGE_STANDARD = "gnu++14";
				CLANG_CXX_LIBRARY = "libc++";
				CLANG_ENABLE_MODULES = YES;
				CLANG_ENABLE_OBJC_ARC = YES;
				CLANG_ENABLE_OBJC_WEAK = YES;
				CLANG_WARN_BLOCK_CAPTURE_AUTORELEASING = YES;
				CLANG_WARN_BOOL_CONVERSION = YES;
				CLANG_WARN_COMMA = YES;
				CLANG_WARN_CONSTANT_CONVERSION = YES;
				CLANG_WARN_DEPRECATED_OBJC_IMPLEMENTATIONS = YES;
				CLANG_WARN_DIRECT_OBJC_ISA_USAGE = YES_ERROR;
				CLANG_WARN_DOCUMENTATION_COMMENTS = YES;
				CLANG_WARN_EMPTY_BODY = YES;
				CLANG_WARN_ENUM_CONVERSION = YES;
				CLANG_WARN_INFINITE_RECURSION = YES;
				CLANG_WARN_INT_CONVERSION = YES;
				CLANG_WARN_NON_LITERAL_NULL_CONVERSION = YES;
				CLANG_WARN_OBJC_IMPLICIT_RETAIN_SELF = YES;
				CLANG_WARN_OBJC_LITERAL_CONVERSION = YES;
				CLANG_WARN_OBJC_ROOT_CLASS = YES_ERROR;
				CLANG_WARN_RANGE_LOOP_ANALYSIS = YES;
				CLANG_WARN_STRICT_PROTOTYPES = YES;
				CLANG_WARN_SUSPICIOUS_MOVE = YES;
				CLANG_WARN_UNGUARDED_AVAILABILITY = YES_AGGRESSIVE;
				CLANG_WARN_UNREACHABLE_CODE = YES;
				CLANG_WARN__DUPLICATE_METHOD_MATCH = YES;
				CODE_SIGN_IDENTITY = "iPhone Developer";
				COPY_PHASE_STRIP = NO;
				DEBUG_INFORMATION_FORMAT = "dwarf-with-dsym";
				ENABLE_NS_ASSERTIONS = NO;
				ENABLE_STRICT_OBJC_MSGSEND = YES;
				GCC_C_LANGUAGE_STANDARD = gnu11;
				GCC_NO_COMMON_BLOCKS = YES;
				GCC_WARN_64_TO_32_BIT_CONVERSION = YES;
				GCC_WARN_ABOUT_RETURN_TYPE = YES_ERROR;
				GCC_WARN_UNDECLARED_SELECTOR = YES;
				GCC_WARN_UNINITIALIZED_AUTOS = YES_AGGRESSIVE;
				GCC_WARN_UNUSED_FUNCTION = YES;
				GCC_WARN_UNUSED_VARIABLE = YES;
				IPHONEOS_DEPLOYMENT_TARGET = 12.2;
				MTL_ENABLE_DEBUG_INFO = NO;
				MTL_FAST_MATH = YES;
				SDKROOT = iphoneos;
				SWIFT_COMPILATION_MODE = wholemodule;
				SWIFT_OPTIMIZATION_LEVEL = "-O";
				VALIDATE_PRODUCT = YES;
			};
			name = Release;
		};
		A191BD3523888E710097DCEC /* Debug */ = {
			isa = XCBuildConfiguration;
			buildSettings = {
				ASSETCATALOG_COMPILER_APPICON_NAME = AppIcon;
				CODE_SIGN_STYLE = Automatic;
				DEVELOPMENT_TEAM = 6JWS9X7NVP;
				INFOPLIST_FILE = stickman/Info.plist;
				LD_RUNPATH_SEARCH_PATHS = (
					"$(inherited)",
					"@executable_path/Frameworks",
				);
				PRODUCT_BUNDLE_IDENTIFIER = com.elainexu.stickman;
				PRODUCT_NAME = "$(TARGET_NAME)";
				SWIFT_VERSION = 5.0;
				TARGETED_DEVICE_FAMILY = "1,2";
			};
			name = Debug;
		};
		A191BD3623888E710097DCEC /* Release */ = {
			isa = XCBuildConfiguration;
			buildSettings = {
				ASSETCATALOG_COMPILER_APPICON_NAME = AppIcon;
				CODE_SIGN_STYLE = Automatic;
				DEVELOPMENT_TEAM = 6JWS9X7NVP;
				INFOPLIST_FILE = stickman/Info.plist;
				LD_RUNPATH_SEARCH_PATHS = (
					"$(inherited)",
					"@executable_path/Frameworks",
				);
				PRODUCT_BUNDLE_IDENTIFIER = com.elainexu.stickman;
				PRODUCT_NAME = "$(TARGET_NAME)";
				SWIFT_VERSION = 5.0;
				TARGETED_DEVICE_FAMILY = "1,2";
			};
			name = Release;
		};
		A191BD3823888E710097DCEC /* Debug */ = {
			isa = XCBuildConfiguration;
			buildSettings = {
				ALWAYS_EMBED_SWIFT_STANDARD_LIBRARIES = YES;
				BUNDLE_LOADER = "$(TEST_HOST)";
				CODE_SIGN_STYLE = Automatic;
				DEVELOPMENT_TEAM = CAH72PS4M8;
				INFOPLIST_FILE = stickmanTests/Info.plist;
				LD_RUNPATH_SEARCH_PATHS = (
					"$(inherited)",
					"@executable_path/Frameworks",
					"@loader_path/Frameworks",
				);
				PRODUCT_BUNDLE_IDENTIFIER = com.goldthumb.stickmanTests;
				PRODUCT_NAME = "$(TARGET_NAME)";
				SWIFT_VERSION = 5.0;
				TARGETED_DEVICE_FAMILY = "1,2";
				TEST_HOST = "$(BUILT_PRODUCTS_DIR)/stickman.app/stickman";
			};
			name = Debug;
		};
		A191BD3923888E710097DCEC /* Release */ = {
			isa = XCBuildConfiguration;
			buildSettings = {
				ALWAYS_EMBED_SWIFT_STANDARD_LIBRARIES = YES;
				BUNDLE_LOADER = "$(TEST_HOST)";
				CODE_SIGN_STYLE = Automatic;
				DEVELOPMENT_TEAM = CAH72PS4M8;
				INFOPLIST_FILE = stickmanTests/Info.plist;
				LD_RUNPATH_SEARCH_PATHS = (
					"$(inherited)",
					"@executable_path/Frameworks",
					"@loader_path/Frameworks",
				);
				PRODUCT_BUNDLE_IDENTIFIER = com.goldthumb.stickmanTests;
				PRODUCT_NAME = "$(TARGET_NAME)";
				SWIFT_VERSION = 5.0;
				TARGETED_DEVICE_FAMILY = "1,2";
				TEST_HOST = "$(BUILT_PRODUCTS_DIR)/stickman.app/stickman";
			};
			name = Release;
		};
/* End XCBuildConfiguration section */

/* Begin XCConfigurationList section */
		A191BD1223888E6B0097DCEC /* Build configuration list for PBXProject "stickman" */ = {
			isa = XCConfigurationList;
			buildConfigurations = (
				A191BD3223888E710097DCEC /* Debug */,
				A191BD3323888E710097DCEC /* Release */,
			);
			defaultConfigurationIsVisible = 0;
			defaultConfigurationName = Release;
		};
		A191BD3423888E710097DCEC /* Build configuration list for PBXNativeTarget "stickman" */ = {
			isa = XCConfigurationList;
			buildConfigurations = (
				A191BD3523888E710097DCEC /* Debug */,
				A191BD3623888E710097DCEC /* Release */,
			);
			defaultConfigurationIsVisible = 0;
			defaultConfigurationName = Release;
		};
		A191BD3723888E710097DCEC /* Build configuration list for PBXNativeTarget "stickmanTests" */ = {
			isa = XCConfigurationList;
			buildConfigurations = (
				A191BD3823888E710097DCEC /* Debug */,
				A191BD3923888E710097DCEC /* Release */,
			);
			defaultConfigurationIsVisible = 0;
			defaultConfigurationName = Release;
		};
/* End XCConfigurationList section */
	};
	rootObject = A191BD0F23888E6B0097DCEC /* Project object */;
}
