// !$*UTF8*$!
{
	archiveVersion = 1;
	classes = {
	};
	objectVersion = 50;
	objects = {

/* Begin PBXBuildFile section */
		7561499D2093EEDE0091DCF4 /* AppDelegate.swift in Sources */ = {isa = PBXBuildFile; fileRef = 7561499C2093EEDE0091DCF4 /* AppDelegate.swift */; };
		7561499F2093EEDE0091DCF4 /* ViewController.swift in Sources */ = {isa = PBXBuildFile; fileRef = 7561499E2093EEDE0091DCF4 /* ViewController.swift */; };
		756149A22093EEDE0091DCF4 /* Main.storyboard in Resources */ = {isa = PBXBuildFile; fileRef = 756149A02093EEDE0091DCF4 /* Main.storyboard */; };
		756149A42093EEE00091DCF4 /* Assets.xcassets in Resources */ = {isa = PBXBuildFile; fileRef = 756149A32093EEE00091DCF4 /* Assets.xcassets */; };
		756149A72093EEE00091DCF4 /* LaunchScreen.storyboard in Resources */ = {isa = PBXBuildFile; fileRef = 756149A52093EEE00091DCF4 /* LaunchScreen.storyboard */; };
		756149B22093EEE00091DCF4 /* MovingBlockTests.swift in Sources */ = {isa = PBXBuildFile; fileRef = 756149B12093EEE00091DCF4 /* MovingBlockTests.swift */; };
		756149BD20A65A4B0091DCF4 /* WhileTests.swift in Sources */ = {isa = PBXBuildFile; fileRef = 756149BC20A65A4B0091DCF4 /* WhileTests.swift */; };
		75B6C3DA2398A58800A22D61 /* StickmanView1.swift in Sources */ = {isa = PBXBuildFile; fileRef = 75B6C3D92398A58800A22D61 /* StickmanView1.swift */; };
		75B6C3DC239AA47600A22D61 /* StickmanView2.swift in Sources */ = {isa = PBXBuildFile; fileRef = 75B6C3DB239AA47600A22D61 /* StickmanView2.swift */; };
		75B6C3DE239CBA8300A22D61 /* StickmanView3.swift in Sources */ = {isa = PBXBuildFile; fileRef = 75B6C3DD239CBA8300A22D61 /* StickmanView3.swift */; };
		75B6C3E0239CBD1A00A22D61 /* StickmanView4.swift in Sources */ = {isa = PBXBuildFile; fileRef = 75B6C3DF239CBD1A00A22D61 /* StickmanView4.swift */; };
/* End PBXBuildFile section */

/* Begin PBXContainerItemProxy section */
		756149AE2093EEE00091DCF4 /* PBXContainerItemProxy */ = {
			isa = PBXContainerItemProxy;
			containerPortal = 756149912093EEDE0091DCF4 /* Project object */;
			proxyType = 1;
			remoteGlobalIDString = 756149982093EEDE0091DCF4;
			remoteInfo = MovingBlock;
		};
/* End PBXContainerItemProxy section */

/* Begin PBXFileReference section */
		756149992093EEDE0091DCF4 /* MovingBlock.app */ = {isa = PBXFileReference; explicitFileType = wrapper.application; includeInIndex = 0; path = MovingBlock.app; sourceTree = BUILT_PRODUCTS_DIR; };
		7561499C2093EEDE0091DCF4 /* AppDelegate.swift */ = {isa = PBXFileReference; lastKnownFileType = sourcecode.swift; path = AppDelegate.swift; sourceTree = "<group>"; };
		7561499E2093EEDE0091DCF4 /* ViewController.swift */ = {isa = PBXFileReference; lastKnownFileType = sourcecode.swift; path = ViewController.swift; sourceTree = "<group>"; };
		756149A12093EEDE0091DCF4 /* Base */ = {isa = PBXFileReference; lastKnownFileType = file.storyboard; name = Base; path = Base.lproj/Main.storyboard; sourceTree = "<group>"; };
		756149A32093EEE00091DCF4 /* Assets.xcassets */ = {isa = PBXFileReference; lastKnownFileType = folder.assetcatalog; path = Assets.xcassets; sourceTree = "<group>"; };
		756149A62093EEE00091DCF4 /* Base */ = {isa = PBXFileReference; lastKnownFileType = file.storyboard; name = Base; path = Base.lproj/LaunchScreen.storyboard; sourceTree = "<group>"; };
		756149A82093EEE00091DCF4 /* Info.plist */ = {isa = PBXFileReference; lastKnownFileType = text.plist.xml; path = Info.plist; sourceTree = "<group>"; };
		756149AD2093EEE00091DCF4 /* MovingBlockTests.xctest */ = {isa = PBXFileReference; explicitFileType = wrapper.cfbundle; includeInIndex = 0; path = MovingBlockTests.xctest; sourceTree = BUILT_PRODUCTS_DIR; };
		756149B12093EEE00091DCF4 /* MovingBlockTests.swift */ = {isa = PBXFileReference; lastKnownFileType = sourcecode.swift; path = MovingBlockTests.swift; sourceTree = "<group>"; };
		756149B32093EEE00091DCF4 /* Info.plist */ = {isa = PBXFileReference; lastKnownFileType = text.plist.xml; path = Info.plist; sourceTree = "<group>"; };
		756149BC20A65A4B0091DCF4 /* WhileTests.swift */ = {isa = PBXFileReference; lastKnownFileType = sourcecode.swift; path = WhileTests.swift; sourceTree = "<group>"; };
		75B6C3D92398A58800A22D61 /* StickmanView1.swift */ = {isa = PBXFileReference; lastKnownFileType = sourcecode.swift; path = StickmanView1.swift; sourceTree = "<group>"; };
		75B6C3DB239AA47600A22D61 /* StickmanView2.swift */ = {isa = PBXFileReference; lastKnownFileType = sourcecode.swift; path = StickmanView2.swift; sourceTree = "<group>"; };
		75B6C3DD239CBA8300A22D61 /* StickmanView3.swift */ = {isa = PBXFileReference; lastKnownFileType = sourcecode.swift; path = StickmanView3.swift; sourceTree = "<group>"; };
		75B6C3DF239CBD1A00A22D61 /* StickmanView4.swift */ = {isa = PBXFileReference; lastKnownFileType = sourcecode.swift; path = StickmanView4.swift; sourceTree = "<group>"; };
/* End PBXFileReference section */

/* Begin PBXFrameworksBuildPhase section */
		756149962093EEDE0091DCF4 /* Frameworks */ = {
			isa = PBXFrameworksBuildPhase;
			buildActionMask = 2147483647;
			files = (
			);
			runOnlyForDeploymentPostprocessing = 0;
		};
		756149AA2093EEE00091DCF4 /* Frameworks */ = {
			isa = PBXFrameworksBuildPhase;
			buildActionMask = 2147483647;
			files = (
			);
			runOnlyForDeploymentPostprocessing = 0;
		};
/* End PBXFrameworksBuildPhase section */

/* Begin PBXGroup section */
		756149902093EEDE0091DCF4 = {
			isa = PBXGroup;
			children = (
				7561499B2093EEDE0091DCF4 /* MovingBlock */,
				756149B02093EEE00091DCF4 /* MovingBlockTests */,
				7561499A2093EEDE0091DCF4 /* Products */,
			);
			sourceTree = "<group>";
		};
		7561499A2093EEDE0091DCF4 /* Products */ = {
			isa = PBXGroup;
			children = (
				756149992093EEDE0091DCF4 /* MovingBlock.app */,
				756149AD2093EEE00091DCF4 /* MovingBlockTests.xctest */,
			);
			name = Products;
			sourceTree = "<group>";
		};
		7561499B2093EEDE0091DCF4 /* MovingBlock */ = {
			isa = PBXGroup;
			children = (
				7561499C2093EEDE0091DCF4 /* AppDelegate.swift */,
				7561499E2093EEDE0091DCF4 /* ViewController.swift */,
				756149A02093EEDE0091DCF4 /* Main.storyboard */,
				756149A32093EEE00091DCF4 /* Assets.xcassets */,
				756149A52093EEE00091DCF4 /* LaunchScreen.storyboard */,
				756149A82093EEE00091DCF4 /* Info.plist */,
				75B6C3D92398A58800A22D61 /* StickmanView1.swift */,
				75B6C3DB239AA47600A22D61 /* StickmanView2.swift */,
				75B6C3DD239CBA8300A22D61 /* StickmanView3.swift */,
				75B6C3DF239CBD1A00A22D61 /* StickmanView4.swift */,
			);
			path = MovingBlock;
			sourceTree = "<group>";
		};
		756149B02093EEE00091DCF4 /* MovingBlockTests */ = {
			isa = PBXGroup;
			children = (
				756149BC20A65A4B0091DCF4 /* WhileTests.swift */,
				756149B12093EEE00091DCF4 /* MovingBlockTests.swift */,
				756149B32093EEE00091DCF4 /* Info.plist */,
			);
			path = MovingBlockTests;
			sourceTree = "<group>";
		};
/* End PBXGroup section */

/* Begin PBXNativeTarget section */
		756149982093EEDE0091DCF4 /* MovingBlock */ = {
			isa = PBXNativeTarget;
			buildConfigurationList = 756149B62093EEE00091DCF4 /* Build configuration list for PBXNativeTarget "MovingBlock" */;
			buildPhases = (
				756149952093EEDE0091DCF4 /* Sources */,
				756149962093EEDE0091DCF4 /* Frameworks */,
				756149972093EEDE0091DCF4 /* Resources */,
			);
			buildRules = (
			);
			dependencies = (
			);
			name = MovingBlock;
			productName = MovingBlock;
			productReference = 756149992093EEDE0091DCF4 /* MovingBlock.app */;
			productType = "com.apple.product-type.application";
		};
		756149AC2093EEE00091DCF4 /* MovingBlockTests */ = {
			isa = PBXNativeTarget;
			buildConfigurationList = 756149B92093EEE00091DCF4 /* Build configuration list for PBXNativeTarget "MovingBlockTests" */;
			buildPhases = (
				756149A92093EEE00091DCF4 /* Sources */,
				756149AA2093EEE00091DCF4 /* Frameworks */,
				756149AB2093EEE00091DCF4 /* Resources */,
			);
			buildRules = (
			);
			dependencies = (
				756149AF2093EEE00091DCF4 /* PBXTargetDependency */,
			);
			name = MovingBlockTests;
			productName = MovingBlockTests;
			productReference = 756149AD2093EEE00091DCF4 /* MovingBlockTests.xctest */;
			productType = "com.apple.product-type.bundle.unit-test";
		};
/* End PBXNativeTarget section */

/* Begin PBXProject section */
		756149912093EEDE0091DCF4 /* Project object */ = {
			isa = PBXProject;
			attributes = {
				LastSwiftUpdateCheck = 0930;
				LastUpgradeCheck = 0930;
				ORGANIZATIONNAME = "Peter Shi";
				TargetAttributes = {
					756149982093EEDE0091DCF4 = {
						CreatedOnToolsVersion = 9.3;
					};
					756149AC2093EEE00091DCF4 = {
						CreatedOnToolsVersion = 9.3;
						TestTargetID = 756149982093EEDE0091DCF4;
					};
				};
			};
			buildConfigurationList = 756149942093EEDE0091DCF4 /* Build configuration list for PBXProject "MovingBlock" */;
			compatibilityVersion = "Xcode 9.3";
			developmentRegion = en;
			hasScannedForEncodings = 0;
			knownRegions = (
				en,
				Base,
			);
			mainGroup = 756149902093EEDE0091DCF4;
			productRefGroup = 7561499A2093EEDE0091DCF4 /* Products */;
			projectDirPath = "";
			projectRoot = "";
			targets = (
				756149982093EEDE0091DCF4 /* MovingBlock */,
				756149AC2093EEE00091DCF4 /* MovingBlockTests */,
			);
		};
/* End PBXProject section */

/* Begin PBXResourcesBuildPhase section */
		756149972093EEDE0091DCF4 /* Resources */ = {
			isa = PBXResourcesBuildPhase;
			buildActionMask = 2147483647;
			files = (
				756149A72093EEE00091DCF4 /* LaunchScreen.storyboard in Resources */,
				756149A42093EEE00091DCF4 /* Assets.xcassets in Resources */,
				756149A22093EEDE0091DCF4 /* Main.storyboard in Resources */,
			);
			runOnlyForDeploymentPostprocessing = 0;
		};
		756149AB2093EEE00091DCF4 /* Resources */ = {
			isa = PBXResourcesBuildPhase;
			buildActionMask = 2147483647;
			files = (
			);
			runOnlyForDeploymentPostprocessing = 0;
		};
/* End PBXResourcesBuildPhase section */

/* Begin PBXSourcesBuildPhase section */
		756149952093EEDE0091DCF4 /* Sources */ = {
			isa = PBXSourcesBuildPhase;
			buildActionMask = 2147483647;
			files = (
				75B6C3DA2398A58800A22D61 /* StickmanView1.swift in Sources */,
				75B6C3DC239AA47600A22D61 /* StickmanView2.swift in Sources */,
				7561499F2093EEDE0091DCF4 /* ViewController.swift in Sources */,
				75B6C3E0239CBD1A00A22D61 /* StickmanView4.swift in Sources */,
				75B6C3DE239CBA8300A22D61 /* StickmanView3.swift in Sources */,
				7561499D2093EEDE0091DCF4 /* AppDelegate.swift in Sources */,
			);
			runOnlyForDeploymentPostprocessing = 0;
		};
		756149A92093EEE00091DCF4 /* Sources */ = {
			isa = PBXSourcesBuildPhase;
			buildActionMask = 2147483647;
			files = (
				756149B22093EEE00091DCF4 /* MovingBlockTests.swift in Sources */,
				756149BD20A65A4B0091DCF4 /* WhileTests.swift in Sources */,
			);
			runOnlyForDeploymentPostprocessing = 0;
		};
/* End PBXSourcesBuildPhase section */

/* Begin PBXTargetDependency section */
		756149AF2093EEE00091DCF4 /* PBXTargetDependency */ = {
			isa = PBXTargetDependency;
			target = 756149982093EEDE0091DCF4 /* MovingBlock */;
			targetProxy = 756149AE2093EEE00091DCF4 /* PBXContainerItemProxy */;
		};
/* End PBXTargetDependency section */

/* Begin PBXVariantGroup section */
		756149A02093EEDE0091DCF4 /* Main.storyboard */ = {
			isa = PBXVariantGroup;
			children = (
				756149A12093EEDE0091DCF4 /* Base */,
			);
			name = Main.storyboard;
			sourceTree = "<group>";
		};
		756149A52093EEE00091DCF4 /* LaunchScreen.storyboard */ = {
			isa = PBXVariantGroup;
			children = (
				756149A62093EEE00091DCF4 /* Base */,
			);
			name = LaunchScreen.storyboard;
			sourceTree = "<group>";
		};
/* End PBXVariantGroup section */

/* Begin XCBuildConfiguration section */
		756149B42093EEE00091DCF4 /* Debug */ = {
			isa = XCBuildConfiguration;
			buildSettings = {
				ALWAYS_SEARCH_USER_PATHS = NO;
				CLANG_ANALYZER_NONNULL = YES;
				CLANG_ANALYZER_NUMBER_OBJECT_CONVERSION = YES_AGGRESSIVE;
				CLANG_CXX_LANGUAGE_STANDARD = "gnu++14";
				CLANG_CXX_LIBRARY = "libc++";
				CLANG_ENABLE_MODULES = YES;
				CLANG_ENABLE_OBJC_ARC = YES;
				CLANG_ENABLE_OBJC_WEAK = YES;
				CLANG_WARN_BLOCK_CAPTURE_AUTORELEASING = YES;
				CLANG_WARN_BOOL_CONVERSION = YES;
				CLANG_WARN_COMMA = YES;
				CLANG_WARN_CONSTANT_CONVERSION = YES;
				CLANG_WARN_DEPRECATED_OBJC_IMPLEMENTATIONS = YES;
				CLANG_WARN_DIRECT_OBJC_ISA_USAGE = YES_ERROR;
				CLANG_WARN_DOCUMENTATION_COMMENTS = YES;
				CLANG_WARN_EMPTY_BODY = YES;
				CLANG_WARN_ENUM_CONVERSION = YES;
				CLANG_WARN_INFINITE_RECURSION = YES;
				CLANG_WARN_INT_CONVERSION = YES;
				CLANG_WARN_NON_LITERAL_NULL_CONVERSION = YES;
				CLANG_WARN_OBJC_IMPLICIT_RETAIN_SELF = YES;
				CLANG_WARN_OBJC_LITERAL_CONVERSION = YES;
				CLANG_WARN_OBJC_ROOT_CLASS = YES_ERROR;
				CLANG_WARN_RANGE_LOOP_ANALYSIS = YES;
				CLANG_WARN_STRICT_PROTOTYPES = YES;
				CLANG_WARN_SUSPICIOUS_MOVE = YES;
				CLANG_WARN_UNGUARDED_AVAILABILITY = YES_AGGRESSIVE;
				CLANG_WARN_UNREACHABLE_CODE = YES;
				CLANG_WARN__DUPLICATE_METHOD_MATCH = YES;
				CODE_SIGN_IDENTITY = "iPhone Developer";
				COPY_PHASE_STRIP = NO;
				DEBUG_INFORMATION_FORMAT = dwarf;
				ENABLE_STRICT_OBJC_MSGSEND = YES;
				ENABLE_TESTABILITY = YES;
				GCC_C_LANGUAGE_STANDARD = gnu11;
				GCC_DYNAMIC_NO_PIC = NO;
				GCC_NO_COMMON_BLOCKS = YES;
				GCC_OPTIMIZATION_LEVEL = 0;
				GCC_PREPROCESSOR_DEFINITIONS = (
					"DEBUG=1",
					"$(inherited)",
				);
				GCC_WARN_64_TO_32_BIT_CONVERSION = YES;
				GCC_WARN_ABOUT_RETURN_TYPE = YES_ERROR;
				GCC_WARN_UNDECLARED_SELECTOR = YES;
				GCC_WARN_UNINITIALIZED_AUTOS = YES_AGGRESSIVE;
				GCC_WARN_UNUSED_FUNCTION = YES;
				GCC_WARN_UNUSED_VARIABLE = YES;
				IPHONEOS_DEPLOYMENT_TARGET = 13.2;
				MTL_ENABLE_DEBUG_INFO = YES;
				ONLY_ACTIVE_ARCH = YES;
				SDKROOT = iphoneos;
				SWIFT_ACTIVE_COMPILATION_CONDITIONS = DEBUG;
				SWIFT_OPTIMIZATION_LEVEL = "-Onone";
				SWIFT_VERSION = 5.0;
			};
			name = Debug;
		};
		756149B52093EEE00091DCF4 /* Release */ = {
			isa = XCBuildConfiguration;
			buildSettings = {
				ALWAYS_SEARCH_USER_PATHS = NO;
				CLANG_ANALYZER_NONNULL = YES;
				CLANG_ANALYZER_NUMBER_OBJECT_CONVERSION = YES_AGGRESSIVE;
				CLANG_CXX_LANGUAGE_STANDARD = "gnu++14";
				CLANG_CXX_LIBRARY = "libc++";
				CLANG_ENABLE_MODULES = YES;
				CLANG_ENABLE_OBJC_ARC = YES;
				CLANG_ENABLE_OBJC_WEAK = YES;
				CLANG_WARN_BLOCK_CAPTURE_AUTORELEASING = YES;
				CLANG_WARN_BOOL_CONVERSION = YES;
				CLANG_WARN_COMMA = YES;
				CLANG_WARN_CONSTANT_CONVERSION = YES;
				CLANG_WARN_DEPRECATED_OBJC_IMPLEMENTATIONS = YES;
				CLANG_WARN_DIRECT_OBJC_ISA_USAGE = YES_ERROR;
				CLANG_WARN_DOCUMENTATION_COMMENTS = YES;
				CLANG_WARN_EMPTY_BODY = YES;
				CLANG_WARN_ENUM_CONVERSION = YES;
				CLANG_WARN_INFINITE_RECURSION = YES;
				CLANG_WARN_INT_CONVERSION = YES;
				CLANG_WARN_NON_LITERAL_NULL_CONVERSION = YES;
				CLANG_WARN_OBJC_IMPLICIT_RETAIN_SELF = YES;
				CLANG_WARN_OBJC_LITERAL_CONVERSION = YES;
				CLANG_WARN_OBJC_ROOT_CLASS = YES_ERROR;
				CLANG_WARN_RANGE_LOOP_ANALYSIS = YES;
				CLANG_WARN_STRICT_PROTOTYPES = YES;
				CLANG_WARN_SUSPICIOUS_MOVE = YES;
				CLANG_WARN_UNGUARDED_AVAILABILITY = YES_AGGRESSIVE;
				CLANG_WARN_UNREACHABLE_CODE = YES;
				CLANG_WARN__DUPLICATE_METHOD_MATCH = YES;
				CODE_SIGN_IDENTITY = "iPhone Developer";
				COPY_PHASE_STRIP = NO;
				DEBUG_INFORMATION_FORMAT = "dwarf-with-dsym";
				ENABLE_NS_ASSERTIONS = NO;
				ENABLE_STRICT_OBJC_MSGSEND = YES;
				GCC_C_LANGUAGE_STANDARD = gnu11;
				GCC_NO_COMMON_BLOCKS = YES;
				GCC_WARN_64_TO_32_BIT_CONVERSION = YES;
				GCC_WARN_ABOUT_RETURN_TYPE = YES_ERROR;
				GCC_WARN_UNDECLARED_SELECTOR = YES;
				GCC_WARN_UNINITIALIZED_AUTOS = YES_AGGRESSIVE;
				GCC_WARN_UNUSED_FUNCTION = YES;
				GCC_WARN_UNUSED_VARIABLE = YES;
				IPHONEOS_DEPLOYMENT_TARGET = 13.2;
				MTL_ENABLE_DEBUG_INFO = NO;
				SDKROOT = iphoneos;
				SWIFT_COMPILATION_MODE = wholemodule;
				SWIFT_OPTIMIZATION_LEVEL = "-O";
				SWIFT_VERSION = 5.0;
				VALIDATE_PRODUCT = YES;
			};
			name = Release;
		};
		756149B72093EEE00091DCF4 /* Debug */ = {
			isa = XCBuildConfiguration;
			buildSettings = {
				ASSETCATALOG_COMPILER_APPICON_NAME = AppIcon;
				CODE_SIGN_STYLE = Automatic;
				DEVELOPMENT_TEAM = J8B74FCZCC;
				INFOPLIST_FILE = MovingBlock/Info.plist;
				IPHONEOS_DEPLOYMENT_TARGET = 11.4;
				LD_RUNPATH_SEARCH_PATHS = (
					"$(inherited)",
					"@executable_path/Frameworks",
				);
				PRODUCT_BUNDLE_IDENTIFIER = com.goldthumb.MovingBlock;
				PRODUCT_NAME = "$(TARGET_NAME)";
				SWIFT_VERSION = 5.0;
				TARGETED_DEVICE_FAMILY = "1,2";
			};
			name = Debug;
		};
		756149B82093EEE00091DCF4 /* Release */ = {
			isa = XCBuildConfiguration;
			buildSettings = {
				ASSETCATALOG_COMPILER_APPICON_NAME = AppIcon;
				CODE_SIGN_STYLE = Automatic;
				DEVELOPMENT_TEAM = J8B74FCZCC;
				INFOPLIST_FILE = MovingBlock/Info.plist;
				IPHONEOS_DEPLOYMENT_TARGET = 11.4;
				LD_RUNPATH_SEARCH_PATHS = (
					"$(inherited)",
					"@executable_path/Frameworks",
				);
				PRODUCT_BUNDLE_IDENTIFIER = com.goldthumb.MovingBlock;
				PRODUCT_NAME = "$(TARGET_NAME)";
				SWIFT_VERSION = 5.0;
				TARGETED_DEVICE_FAMILY = "1,2";
			};
			name = Release;
		};
		756149BA2093EEE00091DCF4 /* Debug */ = {
			isa = XCBuildConfiguration;
			buildSettings = {
				ALWAYS_EMBED_SWIFT_STANDARD_LIBRARIES = YES;
				BUNDLE_LOADER = "$(TEST_HOST)";
				CODE_SIGN_STYLE = Automatic;
				DEVELOPMENT_TEAM = J8B74FCZCC;
				INFOPLIST_FILE = MovingBlockTests/Info.plist;
				LD_RUNPATH_SEARCH_PATHS = (
					"$(inherited)",
					"@executable_path/Frameworks",
					"@loader_path/Frameworks",
				);
				PRODUCT_BUNDLE_IDENTIFIER = com.goldthumb.MovingBlockTests;
				PRODUCT_NAME = "$(TARGET_NAME)";
				SWIFT_VERSION = 5.0;
				TARGETED_DEVICE_FAMILY = "1,2";
				TEST_HOST = "$(BUILT_PRODUCTS_DIR)/MovingBlock.app/MovingBlock";
			};
			name = Debug;
		};
		756149BB2093EEE00091DCF4 /* Release */ = {
			isa = XCBuildConfiguration;
			buildSettings = {
				ALWAYS_EMBED_SWIFT_STANDARD_LIBRARIES = YES;
				BUNDLE_LOADER = "$(TEST_HOST)";
				CODE_SIGN_STYLE = Automatic;
				DEVELOPMENT_TEAM = J8B74FCZCC;
				INFOPLIST_FILE = MovingBlockTests/Info.plist;
				LD_RUNPATH_SEARCH_PATHS = (
					"$(inherited)",
					"@executable_path/Frameworks",
					"@loader_path/Frameworks",
				);
				PRODUCT_BUNDLE_IDENTIFIER = com.goldthumb.MovingBlockTests;
				PRODUCT_NAME = "$(TARGET_NAME)";
				SWIFT_VERSION = 5.0;
				TARGETED_DEVICE_FAMILY = "1,2";
				TEST_HOST = "$(BUILT_PRODUCTS_DIR)/MovingBlock.app/MovingBlock";
			};
			name = Release;
		};
/* End XCBuildConfiguration section */

/* Begin XCConfigurationList section */
		756149942093EEDE0091DCF4 /* Build configuration list for PBXProject "MovingBlock" */ = {
			isa = XCConfigurationList;
			buildConfigurations = (
				756149B42093EEE00091DCF4 /* Debug */,
				756149B52093EEE00091DCF4 /* Release */,
			);
			defaultConfigurationIsVisible = 0;
			defaultConfigurationName = Release;
		};
		756149B62093EEE00091DCF4 /* Build configuration list for PBXNativeTarget "MovingBlock" */ = {
			isa = XCConfigurationList;
			buildConfigurations = (
				756149B72093EEE00091DCF4 /* Debug */,
				756149B82093EEE00091DCF4 /* Release */,
			);
			defaultConfigurationIsVisible = 0;
			defaultConfigurationName = Release;
		};
		756149B92093EEE00091DCF4 /* Build configuration list for PBXNativeTarget "MovingBlockTests" */ = {
			isa = XCConfigurationList;
			buildConfigurations = (
				756149BA2093EEE00091DCF4 /* Debug */,
				756149BB2093EEE00091DCF4 /* Release */,
			);
			defaultConfigurationIsVisible = 0;
			defaultConfigurationName = Release;
		};
/* End XCConfigurationList section */
	};
	rootObject = 756149912093EEDE0091DCF4 /* Project object */;
}
